
Microsoft Visual Studio Solution File, Format Version 12.00
# Visual Studio Version 17
VisualStudioVersion = 17.0.31717.71
MinimumVisualStudioVersion = 10.0.40219.1
Project("{9A19103F-16F7-4668-BE54-9A1E7A4F7556}") = "ConfigurationTool", "ConfigurationTool.csproj", "{664F749D-ECF6-4DA5-9972-B05DE4E57EFE}"
EndProject
Global
	GlobalSection(SolutionConfigurationPlatforms) = preSolution
		Debug|Any CPU = Debug|Any CPU
		Release|Any CPU = Release|Any CPU
	EndGlobalSection
	GlobalSection(ProjectConfigurationPlatforms) = postSolution
		{664F749D-ECF6-4DA5-9972-B05DE4E57EFE}.Debug|Any CPU.ActiveCfg = Debug|Any CPU
		{664F749D-ECF6-4DA5-9972-B05DE4E57EFE}.Debug|Any CPU.Build.0 = Debug|Any CPU
		{664F749D-ECF6-4DA5-9972-B05DE4E57EFE}.Release|Any CPU.ActiveCfg = Release|Any CPU
		{664F749D-ECF6-4DA5-9972-B05DE4E57EFE}.Release|Any CPU.Build.0 = Release|Any CPU
	EndGlobalSection
	GlobalSection(SolutionProperties) = preSolution
		HideSolutionNode = FALSE
	EndGlobalSection
	GlobalSection(ExtensibilityGlobals) = postSolution
		SolutionGuid = {C4286FC6-A726-4607-8C9A-B79BFA9A15F5}
	EndGlobalSection
EndGlobal